
Microsoft Visual Studio Solution File, Format Version 12.00
# Visual Studio Version 16
VisualStudioVersion = 16.0.33423.256
MinimumVisualStudioVersion = 10.0.40219.1
Project("{FAE04EC0-301F-11D3-BF4B-00C04F79EFBC}") = "Gothic_Pixels_Virtuals", "Gothic_Pixels_Virtuals.csproj", "{0D03D509-330F-46C7-9CDA-588063CA6010}"
EndProject
Global
	GlobalSection(SolutionConfigurationPlatforms) = preSolution
		Debug|Any CPU = Debug|Any CPU
		Release|Any CPU = Release|Any CPU
	EndGlobalSection
	GlobalSection(ProjectConfigurationPlatforms) = postSolution
		{0D03D509-330F-46C7-9CDA-588063CA6010}.Debug|Any CPU.ActiveCfg = Debug|Any CPU
		{0D03D509-330F-46C7-9CDA-588063CA6010}.Debug|Any CPU.Build.0 = Debug|Any CPU
		{0D03D509-330F-46C7-9CDA-588063CA6010}.Release|Any CPU.ActiveCfg = Release|Any CPU
		{0D03D509-330F-46C7-9CDA-588063CA6010}.Release|Any CPU.Build.0 = Release|Any CPU
	EndGlobalSection
	GlobalSection(SolutionProperties) = preSolution
		HideSolutionNode = FALSE
	EndGlobalSection
	GlobalSection(ExtensibilityGlobals) = postSolution
		SolutionGuid = {51D64F3F-9E4E-412B-86AA-3D67559B064B}
	EndGlobalSection
EndGlobal
